PODS:
  - connectivity_plus (0.0.1):
    - Flutter
  - device_info_plus (0.0.1):
    - Flutter
  - Firebase/CoreOnly (12.4.0):
    - FirebaseCore (~> 12.4.0)
  - Firebase/Messaging (12.4.0):
    - Firebase/CoreOnly
    - FirebaseMessaging (~> 12.4.0)
  - firebase_core (4.2.1):
    - Firebase/CoreOnly (= 12.4.0)
    - Flutter
  - firebase_messaging (16.0.4):
    - Firebase/Messaging (= 12.4.0)
    - firebase_core
    - Flutter
  - FirebaseCore (12.4.0):
    - FirebaseCoreInternal (~> 12.4.0)
    - GoogleUtilities/Environment (~> 8.1)
    - GoogleUtilities/Logger (~> 8.1)
  - FirebaseCoreInternal (12.4.0):
    - "GoogleUtilities/NSData+zlib (~> 8.1)"
  - FirebaseInstallations (12.4.0):
    - FirebaseCore (~> 12.4.0)
    - GoogleUtilities/Environment (~> 8.1)
    - GoogleUtilities/UserDefaults (~> 8.1)
    - PromisesObjC (~> 2.4)
  - FirebaseMessaging (12.4.0):
    - FirebaseCore (~> 12.4.0)
    - FirebaseInstallations (~> 12.4.0)
    - GoogleDataTransport (~> 10.1)
    - GoogleUtilities/AppDelegateSwizzler (~> 8.1)
    - GoogleUtilities/Environment (~> 8.1)
    - GoogleUtilities/Reachability (~> 8.1)
    - GoogleUtilities/UserDefaults (~> 8.1)
    - nanopb (~> 3.30910.0)
  - Flutter (1.0.0)
  - flutter_local_notifications (0.0.1):
    - Flutter
  - flutter_native_splash (2.4.3):
    - Flutter
  - GoogleDataTransport (10.1.0):
    - nanopb (~> 3.30910.0)
    - PromisesObjC (~> 2.4)
  - GoogleUtilities/AppDelegateSwizzler (8.1.0):
    - GoogleUtilities/Environment
    - GoogleUtilities/Logger
    - GoogleUtilities/Network
    - GoogleUtilities/Privacy
  - GoogleUtilities/Environment (8.1.0):
    - GoogleUtilities/Privacy
  - GoogleUtilities/Logger (8.1.0):
    - GoogleUtilities/Environment
    - GoogleUtilities/Privacy
  - GoogleUtilities/Network (8.1.0):
    - GoogleUtilities/Logger
    - "GoogleUtilities/NSData+zlib"
    - GoogleUtilities/Privacy
    - GoogleUtilities/Reachability
  - "GoogleUtilities/NSData+zlib (8.1.0)":
    - GoogleUtilities/Privacy
  - GoogleUtilities/Privacy (8.1.0)
  - GoogleUtilities/Reachability (8.1.0):
    - GoogleUtilities/Logger
    - GoogleUtilities/Privacy
  - GoogleUtilities/UserDefaults (8.1.0):
    - GoogleUtilities/Logger
    - GoogleUtilities/Privacy
  - image_cropper (0.0.4):
    - Flutter
    - TOCropViewController (~> 2.8.0)
  - image_picker_ios (0.0.1):
    - Flutter
  - nanopb (3.30910.0):
    - nanopb/decode (= 3.30910.0)
    - nanopb/encode (= 3.30910.0)
  - nanopb/decode (3.30910.0)
  - nanopb/encode (3.30910.0)
  - NWWebSocket (0.5.7)
  - package_info_plus (0.4.5):
    - Flutter
  - path_provider_foundation (0.0.1):
    - Flutter
    - FlutterMacOS
  - PromisesObjC (2.4.0)
  - pusher_channels_flutter (0.0.1):
    - Flutter
    - PusherSwift (~> 10.1.5)
  - PusherSwift (10.1.6):
    - NWWebSocket (~> 0.5.7)
    - TweetNacl (~> 1.0.0)
  - shared_preferences_foundation (0.0.1):
    - Flutter
    - FlutterMacOS
  - sqflite_darwin (0.0.4):
    - Flutter
    - FlutterMacOS
  - TOCropViewController (2.8.0)
  - TweetNacl (1.0.2)
  - url_launcher_ios (0.0.1):
    - Flutter

DEPENDENCIES:
  - connectivity_plus (from `.symlinks/plugins/connectivity_plus/ios`)
  - device_info_plus (from `.symlinks/plugins/device_info_plus/ios`)
  - firebase_core (from `.symlinks/plugins/firebase_core/ios`)
  - firebase_messaging (from `.symlinks/plugins/firebase_messaging/ios`)
  - Flutter (from `Flutter`)
  - flutter_local_notifications (from `.symlinks/plugins/flutter_local_notifications/ios`)
  - flutter_native_splash (from `.symlinks/plugins/flutter_native_splash/ios`)
  - image_cropper (from `.symlinks/plugins/image_cropper/ios`)
  - image_picker_ios (from `.symlinks/plugins/image_picker_ios/ios`)
  - package_info_plus (from `.symlinks/plugins/package_info_plus/ios`)
  - path_provider_foundation (from `.symlinks/plugins/path_provider_foundation/darwin`)
  - pusher_channels_flutter (from `.symlinks/plugins/pusher_channels_flutter/ios`)
  - shared_preferences_foundation (from `.symlinks/plugins/shared_preferences_foundation/darwin`)
  - sqflite_darwin (from `.symlinks/plugins/sqflite_darwin/darwin`)
  - TweetNacl (~> 1.0)
  - url_launcher_ios (from `.symlinks/plugins/url_launcher_ios/ios`)

SPEC REPOS:
  trunk:
    - Firebase
    - FirebaseCore
    - FirebaseCoreInternal
    - FirebaseInstallations
    - FirebaseMessaging
    - GoogleDataTransport
    - GoogleUtilities
    - nanopb
    - NWWebSocket
    - PromisesObjC
    - PusherSwift
    - TOCropViewController
    - TweetNacl

EXTERNAL SOURCES:
  connectivity_plus:
    :path: ".symlinks/plugins/connectivity_plus/ios"
  device_info_plus:
    :path: ".symlinks/plugins/device_info_plus/ios"
  firebase_core:
    :path: ".symlinks/plugins/firebase_core/ios"
  firebase_messaging:
    :path: ".symlinks/plugins/firebase_messaging/ios"
  Flutter:
    :path: Flutter
  flutter_local_notifications:
    :path: ".symlinks/plugins/flutter_local_notifications/ios"
  flutter_native_splash:
    :path: ".symlinks/plugins/flutter_native_splash/ios"
  image_cropper:
    :path: ".symlinks/plugins/image_cropper/ios"
  image_picker_ios:
    :path: ".symlinks/plugins/image_picker_ios/ios"
  package_info_plus:
    :path: ".symlinks/plugins/package_info_plus/ios"
  path_provider_foundation:
    :path: ".symlinks/plugins/path_provider_foundation/darwin"
  pusher_channels_flutter:
    :path: ".symlinks/plugins/pusher_channels_flutter/ios"
  shared_preferences_foundation:
    :path: ".symlinks/plugins/shared_preferences_foundation/darwin"
  sqflite_darwin:
    :path: ".symlinks/plugins/sqflite_darwin/darwin"
  url_launcher_ios:
    :path: ".symlinks/plugins/url_launcher_ios/ios"

SPEC CHECKSUMS:
  connectivity_plus: 2a701ffec2c0ae28a48cf7540e279787e77c447d
  device_info_plus: bf2e3232933866d73fe290f2942f2156cdd10342
  Firebase: f07b15ae5a6ec0f93713e30b923d9970d144af3e
  firebase_core: e6b8bb503b7d1d9856e698d4f193f7b414e6bf1f
  firebase_messaging: fc7b6af84f4cd885a4999f51ea69ef20f380d70d
  FirebaseCore: bb595f3114953664e3c1dc032f008a244147cfd3
  FirebaseCoreInternal: d7f5a043c2cd01a08103ab586587c1468047bca6
  FirebaseInstallations: ae9f4902cb5bf1d0c5eaa31ec1f4e5495a0714e2
  FirebaseMessaging: d33971b7bb252745ea6cd31ab190d1a1df4b8ed5
  Flutter: cabc95a1d2626b1b06e7179b784ebcf0c0cde467
  flutter_local_notifications: ff50f8405aaa0ccdc7dcfb9022ca192e8ad9688f
  flutter_native_splash: df59bb2e1421aa0282cb2e95618af4dcb0c56c29
  GoogleDataTransport: aae35b7ea0c09004c3797d53c8c41f66f219d6a7
  GoogleUtilities: 00c88b9a86066ef77f0da2fab05f65d7768ed8e1
  image_cropper: b8ef14d3fcff4040b0f9da2ca28d98219a5cba0e
  image_picker_ios: 4f2f91b01abdb52842a8e277617df877e40f905b
  nanopb: fad817b59e0457d11a5dfbde799381cd727c1275
  NWWebSocket: b4741420f1976e1dff4da3edad00c401e4f1d769
  package_info_plus: c0502532a26c7662a62a356cebe2692ec5fe4ec4
  path_provider_foundation: 0b743cbb62d8e47eab856f09262bb8c1ddcfe6ba
  PromisesObjC: f5707f49cb48b9636751c5b2e7d227e43fba9f47
  pusher_channels_flutter: 01297e6e420e0ad61a6e5901e27bb272a6f58ec2
  PusherSwift: fa3d5f6587c20ad5790de87a5c9b150367b5f0f5
  shared_preferences_foundation: 5086985c1d43c5ba4d5e69a4e8083a389e2909e6
  sqflite_darwin: 5a7236e3b501866c1c9befc6771dfd73ffb8702d
  TOCropViewController: 797deaf39c90e6e9ddd848d88817f6b9a8a09888
  TweetNacl: 3abf4d1d2082b0114e7a67410e300892448951e6
  url_launcher_ios: bb13df5870e8c4234ca12609d04010a21be43dfa

PODFILE CHECKSUM: 05deffe92ab0789e366e14c0d9be6d59e04c602b

COCOAPODS: 1.16.2
